// !$*UTF8*$!
{
	archiveVersion = 1;
	classes = {
	};
	objectVersion = 46;
	objects = {

/* Begin PBXBuildFile section */
		041AB8D51F4B4B6A00E2C783 /* AppDelegate.swift in Sources */ = {isa = PBXBuildFile; fileRef = 041AB8D41F4B4B6A00E2C783 /* AppDelegate.swift */; };
		041AB8D71F4B4B6A00E2C783 /* AsteroidsViewController.swift in Sources */ = {isa = PBXBuildFile; fileRef = 041AB8D61F4B4B6A00E2C783 /* AsteroidsViewController.swift */; };
		041AB8DA1F4B4B6A00E2C783 /* Main.storyboard in Resources */ = {isa = PBXBuildFile; fileRef = 041AB8D81F4B4B6A00E2C783 /* Main.storyboard */; };
		041AB8DC1F4B4B6A00E2C783 /* Assets.xcassets in Resources */ = {isa = PBXBuildFile; fileRef = 041AB8DB1F4B4B6A00E2C783 /* Assets.xcassets */; };
		041AB8DF1F4B4B6A00E2C783 /* LaunchScreen.storyboard in Resources */ = {isa = PBXBuildFile; fileRef = 041AB8DD1F4B4B6A00E2C783 /* LaunchScreen.storyboard */; };
		041AB8E81F4B4C8900E2C783 /* AsteroidFieldView.swift in Sources */ = {isa = PBXBuildFile; fileRef = 041AB8E71F4B4C8900E2C783 /* AsteroidFieldView.swift */; };
		041AB8EA1F4B4C9C00E2C783 /* AsteroidView.swift in Sources */ = {isa = PBXBuildFile; fileRef = 041AB8E91F4B4C9C00E2C783 /* AsteroidView.swift */; };
		041AB8EC1F4B4CA900E2C783 /* CoreGraphicsExtensions.swift in Sources */ = {isa = PBXBuildFile; fileRef = 041AB8EB1F4B4CA900E2C783 /* CoreGraphicsExtensions.swift */; };
		041AB8EE1F4B4CB200E2C783 /* SpaceshipView.swift in Sources */ = {isa = PBXBuildFile; fileRef = 041AB8ED1F4B4CB200E2C783 /* SpaceshipView.swift */; };
		041AB8F01F4BB36600E2C783 /* AsteroidBehavior.swift in Sources */ = {isa = PBXBuildFile; fileRef = 041AB8EF1F4BB36600E2C783 /* AsteroidBehavior.swift */; };
/* End PBXBuildFile section */

/* Begin PBXFileReference section */
		041AB8D11F4B4B6A00E2C783 /* myAsteroidsL14.app */ = {isa = PBXFileReference; explicitFileType = wrapper.application; includeInIndex = 0; path = myAsteroidsL14.app; sourceTree = BUILT_PRODUCTS_DIR; };
		041AB8D41F4B4B6A00E2C783 /* AppDelegate.swift */ = {isa = PBXFileReference; lastKnownFileType = sourcecode.swift; path = AppDelegate.swift; sourceTree = "<group>"; };
		041AB8D61F4B4B6A00E2C783 /* AsteroidsViewController.swift */ = {isa = PBXFileReference; lastKnownFileType = sourcecode.swift; path = AsteroidsViewController.swift; sourceTree = "<group>"; };
		041AB8D91F4B4B6A00E2C783 /* Base */ = {isa = PBXFileReference; lastKnownFileType = file.storyboard; name = Base; path = Base.lproj/Main.storyboard; sourceTree = "<group>"; };
		041AB8DB1F4B4B6A00E2C783 /* Assets.xcassets */ = {isa = PBXFileReference; lastKnownFileType = folder.assetcatalog; path = Assets.xcassets; sourceTree = "<group>"; };
		041AB8DE1F4B4B6A00E2C783 /* Base */ = {isa = PBXFileReference; lastKnownFileType = file.storyboard; name = Base; path = Base.lproj/LaunchScreen.storyboard; sourceTree = "<group>"; };
		041AB8E01F4B4B6A00E2C783 /* Info.plist */ = {isa = PBXFileReference; lastKnownFileType = text.plist.xml; path = Info.plist; sourceTree = "<group>"; };
		041AB8E71F4B4C8900E2C783 /* AsteroidFieldView.swift */ = {isa = PBXFileReference; fileEncoding = 4; lastKnownFileType = sourcecode.swift; path = AsteroidFieldView.swift; sourceTree = "<group>"; };
		041AB8E91F4B4C9C00E2C783 /* AsteroidView.swift */ = {isa = PBXFileReference; fileEncoding = 4; lastKnownFileType = sourcecode.swift; path = AsteroidView.swift; sourceTree = "<group>"; };
		041AB8EB1F4B4CA900E2C783 /* CoreGraphicsExtensions.swift */ = {isa = PBXFileReference; fileEncoding = 4; lastKnownFileType = sourcecode.swift; path = CoreGraphicsExtensions.swift; sourceTree = "<group>"; };
		041AB8ED1F4B4CB200E2C783 /* SpaceshipView.swift */ = {isa = PBXFileReference; fileEncoding = 4; lastKnownFileType = sourcecode.swift; path = SpaceshipView.swift; sourceTree = "<group>"; };
		041AB8EF1F4BB36600E2C783 /* AsteroidBehavior.swift */ = {isa = PBXFileReference; fileEncoding = 4; lastKnownFileType = sourcecode.swift; path = AsteroidBehavior.swift; sourceTree = "<group>"; };
/* End PBXFileReference section */

/* Begin PBXFrameworksBuildPhase section */
		041AB8CE1F4B4B6A00E2C783 /* Frameworks */ = {
			isa = PBXFrameworksBuildPhase;
			buildActionMask = 2147483647;
			files = (
			);
			runOnlyForDeploymentPostprocessing = 0;
		};
/* End PBXFrameworksBuildPhase section */

/* Begin PBXGroup section */
		041AB8C81F4B4B6A00E2C783 = {
			isa = PBXGroup;
			children = (
				041AB8D31F4B4B6A00E2C783 /* myAsteroidsL14 */,
				041AB8D21F4B4B6A00E2C783 /* Products */,
			);
			sourceTree = "<group>";
		};
		041AB8D21F4B4B6A00E2C783 /* Products */ = {
			isa = PBXGroup;
			children = (
				041AB8D11F4B4B6A00E2C783 /* myAsteroidsL14.app */,
			);
			name = Products;
			sourceTree = "<group>";
		};
		041AB8D31F4B4B6A00E2C783 /* myAsteroidsL14 */ = {
			isa = PBXGroup;
			children = (
				041AB8D81F4B4B6A00E2C783 /* Main.storyboard */,
				041AB8D61F4B4B6A00E2C783 /* AsteroidsViewController.swift */,
				041AB8EF1F4BB36600E2C783 /* AsteroidBehavior.swift */,
				041AB8E71F4B4C8900E2C783 /* AsteroidFieldView.swift */,
				041AB8DB1F4B4B6A00E2C783 /* Assets.xcassets */,
				041AB8E61F4B4B9600E2C783 /* SupportingFiles */,
			);
			path = myAsteroidsL14;
			sourceTree = "<group>";
		};
		041AB8E61F4B4B9600E2C783 /* SupportingFiles */ = {
			isa = PBXGroup;
			children = (
				041AB8ED1F4B4CB200E2C783 /* SpaceshipView.swift */,
				041AB8E91F4B4C9C00E2C783 /* AsteroidView.swift */,
				041AB8EB1F4B4CA900E2C783 /* CoreGraphicsExtensions.swift */,
				041AB8D41F4B4B6A00E2C783 /* AppDelegate.swift */,
				041AB8DD1F4B4B6A00E2C783 /* LaunchScreen.storyboard */,
				041AB8E01F4B4B6A00E2C783 /* Info.plist */,
			);
			name = SupportingFiles;
			sourceTree = "<group>";
		};
/* End PBXGroup section */

/* Begin PBXNativeTarget section */
		041AB8D01F4B4B6A00E2C783 /* myAsteroidsL14 */ = {
			isa = PBXNativeTarget;
			buildConfigurationList = 041AB8E31F4B4B6A00E2C783 /* Build configuration list for PBXNativeTarget "myAsteroidsL14" */;
			buildPhases = (
				041AB8CD1F4B4B6A00E2C783 /* Sources */,
				041AB8CE1F4B4B6A00E2C783 /* Frameworks */,
				041AB8CF1F4B4B6A00E2C783 /* Resources */,
			);
			buildRules = (
			);
			dependencies = (
			);
			name = myAsteroidsL14;
			productName = myAsteroidsL14;
			productReference = 041AB8D11F4B4B6A00E2C783 /* myAsteroidsL14.app */;
			productType = "com.apple.product-type.application";
		};
/* End PBXNativeTarget section */

/* Begin PBXProject section */
		041AB8C91F4B4B6A00E2C783 /* Project object */ = {
			isa = PBXProject;
			attributes = {
				LastSwiftUpdateCheck = 0830;
				LastUpgradeCheck = 0830;
				ORGANIZATIONNAME = chang;
				TargetAttributes = {
					041AB8D01F4B4B6A00E2C783 = {
						CreatedOnToolsVersion = 8.3.2;
						DevelopmentTeam = V7466QEVQE;
						ProvisioningStyle = Automatic;
					};
				};
			};
			buildConfigurationList = 041AB8CC1F4B4B6A00E2C783 /* Build configuration list for PBXProject "myAsteroidsL14" */;
			compatibilityVersion = "Xcode 3.2";
			developmentRegion = English;
			hasScannedForEncodings = 0;
			knownRegions = (
				en,
				Base,
			);
			mainGroup = 041AB8C81F4B4B6A00E2C783;
			productRefGroup = 041AB8D21F4B4B6A00E2C783 /* Products */;
			projectDirPath = "";
			projectRoot = "";
			targets = (
				041AB8D01F4B4B6A00E2C783 /* myAsteroidsL14 */,
			);
		};
/* End PBXProject section */

/* Begin PBXResourcesBuildPhase section */
		041AB8CF1F4B4B6A00E2C783 /* Resources */ = {
			isa = PBXResourcesBuildPhase;
			buildActionMask = 2147483647;
			files = (
				041AB8DF1F4B4B6A00E2C783 /* LaunchScreen.storyboard in Resources */,
				041AB8DC1F4B4B6A00E2C783 /* Assets.xcassets in Resources */,
				041AB8DA1F4B4B6A00E2C783 /* Main.storyboard in Resources */,
			);
			runOnlyForDeploymentPostprocessing = 0;
		};
/* End PBXResourcesBuildPhase section */

/* Begin PBXSourcesBuildPhase section */
		041AB8CD1F4B4B6A00E2C783 /* Sources */ = {
			isa = PBXSourcesBuildPhase;
			buildActionMask = 2147483647;
			files = (
				041AB8D71F4B4B6A00E2C783 /* AsteroidsViewController.swift in Sources */,
				041AB8D51F4B4B6A00E2C783 /* AppDelegate.swift in Sources */,
				041AB8E81F4B4C8900E2C783 /* AsteroidFieldView.swift in Sources */,
				041AB8EC1F4B4CA900E2C783 /* CoreGraphicsExtensions.swift in Sources */,
				041AB8EA1F4B4C9C00E2C783 /* AsteroidView.swift in Sources */,
				041AB8F01F4BB36600E2C783 /* AsteroidBehavior.swift in Sources */,
				041AB8EE1F4B4CB200E2C783 /* SpaceshipView.swift in Sources */,
			);
			runOnlyForDeploymentPostprocessing = 0;
		};
/* End PBXSourcesBuildPhase section */

/* Begin PBXVariantGroup section */
		041AB8D81F4B4B6A00E2C783 /* Main.storyboard */ = {
			isa = PBXVariantGroup;
			children = (
				041AB8D91F4B4B6A00E2C783 /* Base */,
			);
			name = Main.storyboard;
			sourceTree = "<group>";
		};
		041AB8DD1F4B4B6A00E2C783 /* LaunchScreen.storyboard */ = {
			isa = PBXVariantGroup;
			children = (
				041AB8DE1F4B4B6A00E2C783 /* Base */,
			);
			name = LaunchScreen.storyboard;
			sourceTree = "<group>";
		};
/* End PBXVariantGroup section */

/* Begin XCBuildConfiguration section */
		041AB8E11F4B4B6A00E2C783 /* Debug */ = {
			isa = XCBuildConfiguration;
			buildSettings = {
				ALWAYS_SEARCH_USER_PATHS = NO;
				CLANG_ANALYZER_NONNULL = YES;
				CLANG_ANALYZER_NUMBER_OBJECT_CONVERSION = YES_AGGRESSIVE;
				CLANG_CXX_LANGUAGE_STANDARD = "gnu++0x";
				CLANG_CXX_LIBRARY = "libc++";
				CLANG_ENABLE_MODULES = YES;
				CLANG_ENABLE_OBJC_ARC = YES;
				CLANG_WARN_BOOL_CONVERSION = YES;
				CLANG_WARN_CONSTANT_CONVERSION = YES;
				CLANG_WARN_DIRECT_OBJC_ISA_USAGE = YES_ERROR;
				CLANG_WARN_DOCUMENTATION_COMMENTS = YES;
				CLANG_WARN_EMPTY_BODY = YES;
				CLANG_WARN_ENUM_CONVERSION = YES;
				CLANG_WARN_INFINITE_RECURSION = YES;
				CLANG_WARN_INT_CONVERSION = YES;
				CLANG_WARN_OBJC_ROOT_CLASS = YES_ERROR;
				CLANG_WARN_SUSPICIOUS_MOVE = YES;
				CLANG_WARN_UNREACHABLE_CODE = YES;
				CLANG_WARN__DUPLICATE_METHOD_MATCH = YES;
				"CODE_SIGN_IDENTITY[sdk=iphoneos*]" = "iPhone Developer";
				COPY_PHASE_STRIP = NO;
				DEBUG_INFORMATION_FORMAT = dwarf;
				ENABLE_STRICT_OBJC_MSGSEND = YES;
				ENABLE_TESTABILITY = YES;
				GCC_C_LANGUAGE_STANDARD = gnu99;
				GCC_DYNAMIC_NO_PIC = NO;
				GCC_NO_COMMON_BLOCKS = YES;
				GCC_OPTIMIZATION_LEVEL = 0;
				GCC_PREPROCESSOR_DEFINITIONS = (
					"DEBUG=1",
					"$(inherited)",
				);
				GCC_WARN_64_TO_32_BIT_CONVERSION = YES;
				GCC_WARN_ABOUT_RETURN_TYPE = YES_ERROR;
				GCC_WARN_UNDECLARED_SELECTOR = YES;
				GCC_WARN_UNINITIALIZED_AUTOS = YES_AGGRESSIVE;
				GCC_WARN_UNUSED_FUNCTION = YES;
				GCC_WARN_UNUSED_VARIABLE = YES;
				IPHONEOS_DEPLOYMENT_TARGET = 10.3;
				MTL_ENABLE_DEBUG_INFO = YES;
				ONLY_ACTIVE_ARCH = YES;
				SDKROOT = iphoneos;
				SWIFT_ACTIVE_COMPILATION_CONDITIONS = DEBUG;
				SWIFT_OPTIMIZATION_LEVEL = "-Onone";
			};
			name = Debug;
		};
		041AB8E21F4B4B6A00E2C783 /* Release */ = {
			isa = XCBuildConfiguration;
			buildSettings = {
				ALWAYS_SEARCH_USER_PATHS = NO;
				CLANG_ANALYZER_NONNULL = YES;
				CLANG_ANALYZER_NUMBER_OBJECT_CONVERSION = YES_AGGRESSIVE;
				CLANG_CXX_LANGUAGE_STANDARD = "gnu++0x";
				CLANG_CXX_LIBRARY = "libc++";
				CLANG_ENABLE_MODULES = YES;
				CLANG_ENABLE_OBJC_ARC = YES;
				CLANG_WARN_BOOL_CONVERSION = YES;
				CLANG_WARN_CONSTANT_CONVERSION = YES;
				CLANG_WARN_DIRECT_OBJC_ISA_USAGE = YES_ERROR;
				CLANG_WARN_DOCUMENTATION_COMMENTS = YES;
				CLANG_WARN_EMPTY_BODY = YES;
				CLANG_WARN_ENUM_CONVERSION = YES;
				CLANG_WARN_INFINITE_RECURSION = YES;
				CLANG_WARN_INT_CONVERSION = YES;
				CLANG_WARN_OBJC_ROOT_CLASS = YES_ERROR;
				CLANG_WARN_SUSPICIOUS_MOVE = YES;
				CLANG_WARN_UNREACHABLE_CODE = YES;
				CLANG_WARN__DUPLICATE_METHOD_MATCH = YES;
				"CODE_SIGN_IDENTITY[sdk=iphoneos*]" = "iPhone Developer";
				COPY_PHASE_STRIP = NO;
				DEBUG_INFORMATION_FORMAT = "dwarf-with-dsym";
				ENABLE_NS_ASSERTIONS = NO;
				ENABLE_STRICT_OBJC_MSGSEND = YES;
				GCC_C_LANGUAGE_STANDARD = gnu99;
				GCC_NO_COMMON_BLOCKS = YES;
				GCC_WARN_64_TO_32_BIT_CONVERSION = YES;
				GCC_WARN_ABOUT_RETURN_TYPE = YES_ERROR;
				GCC_WARN_UNDECLARED_SELECTOR = YES;
				GCC_WARN_UNINITIALIZED_AUTOS = YES_AGGRESSIVE;
				GCC_WARN_UNUSED_FUNCTION = YES;
				GCC_WARN_UNUSED_VARIABLE = YES;
				IPHONEOS_DEPLOYMENT_TARGET = 10.3;
				MTL_ENABLE_DEBUG_INFO = NO;
				SDKROOT = iphoneos;
				SWIFT_OPTIMIZATION_LEVEL = "-Owholemodule";
				VALIDATE_PRODUCT = YES;
			};
			name = Release;
		};
		041AB8E41F4B4B6A00E2C783 /* Debug */ = {
			isa = XCBuildConfiguration;
			buildSettings = {
				ASSETCATALOG_COMPILER_APPICON_NAME = AppIcon;
				DEVELOPMENT_TEAM = V7466QEVQE;
				INFOPLIST_FILE = myAsteroidsL14/Info.plist;
				LD_RUNPATH_SEARCH_PATHS = "$(inherited) @executable_path/Frameworks";
				PRODUCT_BUNDLE_IDENTIFIER = tw.chang.myAsteroidsL14;
				PRODUCT_NAME = "$(TARGET_NAME)";
				SWIFT_VERSION = 3.0;
			};
			name = Debug;
		};
		041AB8E51F4B4B6A00E2C783 /* Release */ = {
			isa = XCBuildConfiguration;
			buildSettings = {
				ASSETCATALOG_COMPILER_APPICON_NAME = AppIcon;
				DEVELOPMENT_TEAM = V7466QEVQE;
				INFOPLIST_FILE = myAsteroidsL14/Info.plist;
				LD_RUNPATH_SEARCH_PATHS = "$(inherited) @executable_path/Frameworks";
				PRODUCT_BUNDLE_IDENTIFIER = tw.chang.myAsteroidsL14;
				PRODUCT_NAME = "$(TARGET_NAME)";
				SWIFT_VERSION = 3.0;
			};
			name = Release;
		};
/* End XCBuildConfiguration section */

/* Begin XCConfigurationList section */
		041AB8CC1F4B4B6A00E2C783 /* Build configuration list for PBXProject "myAsteroidsL14" */ = {
			isa = XCConfigurationList;
			buildConfigurations = (
				041AB8E11F4B4B6A00E2C783 /* Debug */,
				041AB8E21F4B4B6A00E2C783 /* Release */,
			);
			defaultConfigurationIsVisible = 0;
			defaultConfigurationName = Release;
		};
		041AB8E31F4B4B6A00E2C783 /* Build configuration list for PBXNativeTarget "myAsteroidsL14" */ = {
			isa = XCConfigurationList;
			buildConfigurations = (
				041AB8E41F4B4B6A00E2C783 /* Debug */,
				041AB8E51F4B4B6A00E2C783 /* Release */,
			);
			defaultConfigurationIsVisible = 0;
			defaultConfigurationName = Release;
		};
/* End XCConfigurationList section */
	};
	rootObject = 041AB8C91F4B4B6A00E2C783 /* Project object */;
}
